
Microsoft Visual Studio Solution File, Format Version 12.00
Project("{FAE04EC0-301F-11D3-BF4B-00C04F79EFBC}") = "RestAPI101_Back", "RestAPI101_Back\RestAPI101_Back.csproj", "{B3BD460C-2837-4CF4-A07B-5F35D50AFEC7}"
EndProject
Global
	GlobalSection(SolutionConfigurationPlatforms) = preSolution
		Debug|Any CPU = Debug|Any CPU
		Release|Any CPU = Release|Any CPU
	EndGlobalSection
	GlobalSection(ProjectConfigurationPlatforms) = postSolution
		{B3BD460C-2837-4CF4-A07B-5F35D50AFEC7}.Debug|Any CPU.ActiveCfg = Debug|Any CPU
		{B3BD460C-2837-4CF4-A07B-5F35D50AFEC7}.Debug|Any CPU.Build.0 = Debug|Any CPU
		{B3BD460C-2837-4CF4-A07B-5F35D50AFEC7}.Release|Any CPU.ActiveCfg = Release|Any CPU
		{B3BD460C-2837-4CF4-A07B-5F35D50AFEC7}.Release|Any CPU.Build.0 = Release|Any CPU
	EndGlobalSection
EndGlobal
